<?xml version="1.0" encoding="utf-8"?>
<Project ToolsVersion="4.0" xmlns="http://schemas.microsoft.com/developer/msbuild/2003">
  <ItemGroup>
    <Filter Include="Source Files">
      <UniqueIdentifier>{ad96c8ef-2e58-448d-88db-dada2d442dd2}</UniqueIdentifier>
      <Extensions>cpp;c;cxx;rc;def;r;odl;idl;hpj;bat</Extensions>
    </Filter>
    <Filter Include="Header Files">
      <UniqueIdentifier>{4390fd9b-08fb-435a-b461-e113e1c02193}</UniqueIdentifier>
      <Extensions>h;hpp;hxx;hm;inl</Extensions>
    </Filter>
    <Filter Include="Header Files\Resource Files">
      <UniqueIdentifier>{f8ff2dfb-8fbe-4817-b2f8-ccaf94bccc10}</UniqueIdentifier>
      <Extensions>ico;cur;bmp;dlg;rc2;rct;bin;rgs;gif;jpg;jpeg;jpe</Extensions>
    </Filter>
  </ItemGroup>
  <ItemGroup>
    <ClCompile Include="Addialog.cpp">
      <Filter>Source Files</Filter>
    </ClCompile>
    <ClCompile Include="BaDialog.cpp">
      <Filter>Source Files</Filter>
    </ClCompile>
    <ClCompile Include="BRecordset.cpp">
      <Filter>Source Files</Filter>
    </ClCompile>
    <ClCompile Include="CaDialog.cpp">
      <Filter>Source Files</Filter>
    </ClCompile>
    <ClCompile Include="DelectDialog.cpp">
      <Filter>Source Files</Filter>
    </ClCompile>
    <ClCompile Include="DRecordset.cpp">
      <Filter>Source Files</Filter>
    </ClCompile>
    <ClCompile Include="EditDialog.cpp">
      <Filter>Source Files</Filter>
    </ClCompile>
    <ClCompile Include="FinDialog.cpp">
      <Filter>Source Files</Filter>
    </ClCompile>
    <ClCompile Include="lhwy.cpp">
      <Filter>Source Files</Filter>
    </ClCompile>
    <ClCompile Include="lhwyDlg.cpp">
      <Filter>Source Files</Filter>
    </ClCompile>
    <ClCompile Include="LinkButton.cpp">
      <Filter>Source Files</Filter>
    </ClCompile>
    <ClCompile Include="NaDilalog.cpp">
      <Filter>Source Files</Filter>
    </ClCompile>
    <ClCompile Include="StdAfx.cpp">
      <Filter>Source Files</Filter>
    </ClCompile>
    <ClCompile Include="TabSheet.cpp">
      <Filter>Source Files</Filter>
    </ClCompile>
    <ClCompile Include="TRecordset.cpp">
      <Filter>Source Files</Filter>
    </ClCompile>
  </ItemGroup>
  <ItemGroup>
    <ResourceCompile Include="lhwy.rc">
      <Filter>Source Files</Filter>
    </ResourceCompile>
  </ItemGroup>
  <ItemGroup>
    <ClInclude Include="Addialog.h">
      <Filter>Header Files</Filter>
    </ClInclude>
    <ClInclude Include="BaDialog.h">
      <Filter>Header Files</Filter>
    </ClInclude>
    <ClInclude Include="BRecordset.h">
      <Filter>Header Files</Filter>
    </ClInclude>
    <ClInclude Include="CaDialog.h">
      <Filter>Header Files</Filter>
    </ClInclude>
    <ClInclude Include="DelectDialog.h">
      <Filter>Header Files</Filter>
    </ClInclude>
    <ClInclude Include="DRecordset.h">
      <Filter>Header Files</Filter>
    </ClInclude>
    <ClInclude Include="EditDialog.h">
      <Filter>Header Files</Filter>
    </ClInclude>
    <ClInclude Include="FinDialog.h">
      <Filter>Header Files</Filter>
    </ClInclude>
    <ClInclude Include="lhwy.h">
      <Filter>Header Files</Filter>
    </ClInclude>
    <ClInclude Include="lhwyDlg.h">
      <Filter>Header Files</Filter>
    </ClInclude>
    <ClInclude Include="LinkButton.h">
      <Filter>Header Files</Filter>
    </ClInclude>
    <ClInclude Include="NaDilalog.h">
      <Filter>Header Files</Filter>
    </ClInclude>
    <ClInclude Include="Resource.h">
      <Filter>Header Files</Filter>
    </ClInclude>
    <ClInclude Include="StdAfx.h">
      <Filter>Header Files</Filter>
    </ClInclude>
    <ClInclude Include="TabSheet.h">
      <Filter>Header Files</Filter>
    </ClInclude>
    <ClInclude Include="TRecordset.h">
      <Filter>Header Files</Filter>
    </ClInclude>
  </ItemGroup>
  <ItemGroup>
    <Image Include="res\03.ico">
      <Filter>Header Files\Resource Files</Filter>
    </Image>
    <Image Include="res\FIRE.ICO">
      <Filter>Header Files\Resource Files</Filter>
    </Image>
    <Image Include="res\lhwy.ico">
      <Filter>Header Files\Resource Files</Filter>
    </Image>
  </ItemGroup>
  <ItemGroup>
    <None Include="res\cursor1.cur">
      <Filter>Header Files\Resource Files</Filter>
    </None>
    <None Include="res\lhwy.rc2">
      <Filter>Header Files\Resource Files</Filter>
    </None>
  </ItemGroup>
</Project>